{
  "name": "projeto-xadrez",
  "version": "1.0.0",
  "lockfileVersion": 3,
  "requires": true,
  "packages": {
    "": {
      "name": "projeto-xadrez",
      "version": "1.0.0",
      "license": "ISC",
      "dependencies": {
        "chart.js": "^4.5.1",
        "chess.js": "^1.4.0",
        "sweetalert2": "^11.26.25"
      }
    },
    "node_modules/@kurkle/color": {
      "version": "0.3.4",
      "resolved": "https://registry.npmjs.org/@kurkle/color/-/color-0.3.4.tgz",
      "integrity": "sha512-M5UknZPHRu3DEDWoipU6sE8PdkZ6Z/S+v4dD+Ke8IaNlpdSQah50lz1KtcFBa2vsdOnwbbnxJwVM4wty6udA5w==",
      "license": "MIT"
    },
    "node_modules/chart.js": {
      "version": "4.5.1",
      "resolved": "https://registry.npmjs.org/chart.js/-/chart.js-4.5.1.tgz",
      "integrity": "sha512-GIjfiT9dbmHRiYi6Nl2yFCq7kkwdkp1W/lp2J99rX0yo9tgJGn3lKQATztIjb5tVtevcBtIdICNWqlq5+E8/Pw==",
      "license": "MIT",
      "dependencies": {
        "@kurkle/color": "^0.3.0"
      },
      "engines": {
        "pnpm": ">=8"
      }
    },
    "node_modules/chess.js": {
      "version": "1.4.0",
      "resolved": "https://registry.npmjs.org/chess.js/-/chess.js-1.4.0.tgz",
      "integrity": "sha512-BBJgrrtKQOzFLonR0l+k64A98NLemPwNsCskwb+29bRwobUa4iTm51E1kwGPbWXAcfdDa18nad6vpPPKPWarqw==",
      "license": "BSD-2-Clause"
    },
    "node_modules/sweetalert2": {
      "version": "11.26.25",
      "resolved": "https://registry.npmjs.org/sweetalert2/-/sweetalert2-11.26.25.tgz",
      "integrity": "sha512-+hunCOJdJ6FLj04T9YSLvvZXRjsvIkTeTKP2e4VF8CaBias961BTnWiSFAy7F/CM5eq3QK2Rraoc5Gzftslvkg==",
      "license": "MIT",
      "funding": {
        "type": "individual",
        "url": "https://github.com/sponsors/limonte"
      }
    }
  }
}
